
Microsoft Visual Studio Solution File, Format Version 12.00
# Visual Studio Version 16
VisualStudioVersion = 16.0.30717.126
MinimumVisualStudioVersion = 10.0.40219.1
Project("{FAE04EC0-301F-11D3-BF4B-00C04F79EFBC}") = "HotelManagement", "HotelManagement.csproj", "{78C1CC35-A02F-4C47-9764-12F574E3C92B}"
EndProject
Project("{FAE04EC0-301F-11D3-BF4B-00C04F79EFBC}") = "HM.BAL", "..\HM.BAL\HM.BAL.csproj", "{79C26506-ADE4-44A6-8375-4913D72186B0}"
EndProject
Project("{FAE04EC0-301F-11D3-BF4B-00C04F79EFBC}") = "HM.DAL", "..\HM.DAL\HM.DAL.csproj", "{4D54A18D-9861-4B75-8041-274AF06C3569}"
EndProject
Project("{FAE04EC0-301F-11D3-BF4B-00C04F79EFBC}") = "HM.Models", "..\HM.Models\HM.Models.csproj", "{875D3A34-38B2-4C96-9CA1-4E8479A23EF1}"
EndProject
Global
	GlobalSection(SolutionConfigurationPlatforms) = preSolution
		Debug|Any CPU = Debug|Any CPU
		Release|Any CPU = Release|Any CPU
	EndGlobalSection
	GlobalSection(ProjectConfigurationPlatforms) = postSolution
		{78C1CC35-A02F-4C47-9764-12F574E3C92B}.Debug|Any CPU.ActiveCfg = Debug|Any CPU
		{78C1CC35-A02F-4C47-9764-12F574E3C92B}.Debug|Any CPU.Build.0 = Debug|Any CPU
		{78C1CC35-A02F-4C47-9764-12F574E3C92B}.Release|Any CPU.ActiveCfg = Release|Any CPU
		{78C1CC35-A02F-4C47-9764-12F574E3C92B}.Release|Any CPU.Build.0 = Release|Any CPU
		{79C26506-ADE4-44A6-8375-4913D72186B0}.Debug|Any CPU.ActiveCfg = Debug|Any CPU
		{79C26506-ADE4-44A6-8375-4913D72186B0}.Debug|Any CPU.Build.0 = Debug|Any CPU
		{79C26506-ADE4-44A6-8375-4913D72186B0}.Release|Any CPU.ActiveCfg = Release|Any CPU
		{79C26506-ADE4-44A6-8375-4913D72186B0}.Release|Any CPU.Build.0 = Release|Any CPU
		{4D54A18D-9861-4B75-8041-274AF06C3569}.Debug|Any CPU.ActiveCfg = Debug|Any CPU
		{4D54A18D-9861-4B75-8041-274AF06C3569}.Debug|Any CPU.Build.0 = Debug|Any CPU
		{4D54A18D-9861-4B75-8041-274AF06C3569}.Release|Any CPU.ActiveCfg = Release|Any CPU
		{4D54A18D-9861-4B75-8041-274AF06C3569}.Release|Any CPU.Build.0 = Release|Any CPU
		{875D3A34-38B2-4C96-9CA1-4E8479A23EF1}.Debug|Any CPU.ActiveCfg = Debug|Any CPU
		{875D3A34-38B2-4C96-9CA1-4E8479A23EF1}.Debug|Any CPU.Build.0 = Debug|Any CPU
		{875D3A34-38B2-4C96-9CA1-4E8479A23EF1}.Release|Any CPU.ActiveCfg = Release|Any CPU
		{875D3A34-38B2-4C96-9CA1-4E8479A23EF1}.Release|Any CPU.Build.0 = Release|Any CPU
	EndGlobalSection
	GlobalSection(SolutionProperties) = preSolution
		HideSolutionNode = FALSE
	EndGlobalSection
	GlobalSection(ExtensibilityGlobals) = postSolution
		SolutionGuid = {33BE0A47-8D42-4017-B227-E6AC0CF6426E}
	EndGlobalSection
EndGlobal
